<?xml version="1.0" encoding="utf-8"?>
<Project ToolsVersion="4.0" xmlns="http://schemas.microsoft.com/developer/msbuild/2003">
  <ItemGroup>
    <Filter Include="Source Files">
      <UniqueIdentifier>{4FC737F1-C7A5-4376-A066-2A32D752A2FF}</UniqueIdentifier>
      <Extensions>cpp;c;cc;cxx;def;odl;idl;hpj;bat;asm;asmx</Extensions>
    </Filter>
    <Filter Include="Header Files">
      <UniqueIdentifier>{93995380-89BD-4b04-88EB-625FBE52EBFB}</UniqueIdentifier>
      <Extensions>h;hh;hpp;hxx;hm;inl;inc;xsd</Extensions>
    </Filter>
    <Filter Include="Resource Files">
      <UniqueIdentifier>{67DA6AB6-F800-4c08-8B7A-83BB121AAD01}</UniqueIdentifier>
      <Extensions>rc;ico;cur;bmp;dlg;rc2;rct;bin;rgs;gif;jpg;jpeg;jpe;resx;tiff;tif;png;wav;mfcribbon-ms</Extensions>
    </Filter>
    <Filter Include="Header Files\cfd">
      <UniqueIdentifier>{ee1e87c2-7e7a-42f9-a3b1-1bdaaee6f083}</UniqueIdentifier>
    </Filter>
    <Filter Include="Header Files\cfd\solvers">
      <UniqueIdentifier>{794148e4-897a-4997-8c5f-4eb6714f4b00}</UniqueIdentifier>
    </Filter>
    <Filter Include="Header Files\cfd\numerics">
      <UniqueIdentifier>{0490cf0d-4b5c-47db-ab1b-efffda5292b9}</UniqueIdentifier>
    </Filter>
    <Filter Include="Header Files\cfd\equations">
      <UniqueIdentifier>{7c20bd8f-68f5-4035-902d-dc5215b8838f}</UniqueIdentifier>
    </Filter>
    <Filter Include="Header Files\cfd\equations\MutatorEquation">
      <UniqueIdentifier>{0ffd57d9-2e32-4c2c-b12b-ed906351ca37}</UniqueIdentifier>
    </Filter>
  </ItemGroup>
  <ItemGroup>
    <ClCompile Include="..\src\main.cpp">
      <Filter>Source Files</Filter>
    </ClCompile>
  </ItemGroup>
  <ItemGroup>
    <ClInclude Include="..\include\cfd\equations\MutatorEquation\MutatorEquation.hpp">
      <Filter>Header Files\cfd\equations\MutatorEquation</Filter>
    </ClInclude>
    <ClInclude Include="..\include\cfd\NumericQuadrature.hpp">
      <Filter>Header Files\cfd\numerics</Filter>
    </ClInclude>
    <ClInclude Include="..\include\cfd\solvers\LocalDiscontinuousGalerkin.hpp">
      <Filter>Header Files\cfd\solvers</Filter>
    </ClInclude>
  </ItemGroup>
</Project>